{
  "name": "lichess-worldbeater",
  "lockfileVersion": 3,
  "requires": true,
  "packages": {
    "": {
      "dependencies": {
        "dotenv": "^16.3.1",
        "node-fetch": "^2.6.1",
        "pgn-parser": "^2.2.0"
      }
    },
    "node_modules/dotenv": {
      "version": "16.3.1",
      "resolved": "https://registry.npmjs.org/dotenv/-/dotenv-16.3.1.tgz",
      "integrity": "sha512-IPzF4w4/Rd94bA9imS68tZBaYyBWSCE47V1RGuMrB94iyTOIEwRmVL2x/4An+6mETpLrKJ5hQkB8W4kFAadeIQ==",
      "engines": {
        "node": ">=12"
      },
      "funding": {
        "url": "https://github.com/motdotla/dotenv?sponsor=1"
      }
    },
    "node_modules/node-fetch": {
      "version": "2.6.1",
      "resolved": "https://registry.npmjs.org/node-fetch/-/node-fetch-2.6.1.tgz",
      "integrity": "sha512-V4aYg89jEoVRxRb2fJdAg8FHvI7cEyYdVAh94HH0UIK8oJxUfkjlDQN9RbMx+bEjP7+ggMiFRprSti032Oipxw==",
      "engines": {
        "node": "4.x || >=6.0.0"
      }
    },
    "node_modules/pgn-parser": {
      "version": "2.2.0",
      "resolved": "https://registry.npmjs.org/pgn-parser/-/pgn-parser-2.2.0.tgz",
      "integrity": "sha512-cioZtVp+0mzzCwVSxN3RlH0Rr3ds5OyImypr1vAUWs0iUWBnXgUFd8tdup3hGE9ecytiTXzBz1jWabOAkjBG3w==",
      "engines": {
        "node": ">= 6.0.0"
      }
    }
  }
}
